
Microsoft Visual Studio Solution File, Format Version 12.00
# Visual Studio Version 16
VisualStudioVersion = 16.0.32228.343
MinimumVisualStudioVersion = 10.0.40219.1
Project("{9A19103F-16F7-4668-BE54-9A1E7A4F7556}") = "Exercise01", "Domain\Exercise01.csproj", "{44D03B62-9A2C-42C0-A1B9-DC022EE664A1}"
EndProject
Project("{9A19103F-16F7-4668-BE54-9A1E7A4F7556}") = "Exercise02", "Exercise02\Exercise02.csproj", "{B80C40A7-4C18-43CB-9285-EE10C8B20F39}"
EndProject
Project("{FAE04EC0-301F-11D3-BF4B-00C04F79EFBC}") = "Exercise03", "Exercise03\Exercise03.csproj", "{163159EA-C31D-4C80-AE4A-EAB817D56076}"
EndProject
Global
	GlobalSection(SolutionConfigurationPlatforms) = preSolution
		Debug|Any CPU = Debug|Any CPU
		Release|Any CPU = Release|Any CPU
	EndGlobalSection
	GlobalSection(ProjectConfigurationPlatforms) = postSolution
		{44D03B62-9A2C-42C0-A1B9-DC022EE664A1}.Debug|Any CPU.ActiveCfg = Debug|Any CPU
		{44D03B62-9A2C-42C0-A1B9-DC022EE664A1}.Debug|Any CPU.Build.0 = Debug|Any CPU
		{44D03B62-9A2C-42C0-A1B9-DC022EE664A1}.Release|Any CPU.ActiveCfg = Release|Any CPU
		{44D03B62-9A2C-42C0-A1B9-DC022EE664A1}.Release|Any CPU.Build.0 = Release|Any CPU
		{B80C40A7-4C18-43CB-9285-EE10C8B20F39}.Debug|Any CPU.ActiveCfg = Debug|Any CPU
		{B80C40A7-4C18-43CB-9285-EE10C8B20F39}.Debug|Any CPU.Build.0 = Debug|Any CPU
		{B80C40A7-4C18-43CB-9285-EE10C8B20F39}.Release|Any CPU.ActiveCfg = Release|Any CPU
		{B80C40A7-4C18-43CB-9285-EE10C8B20F39}.Release|Any CPU.Build.0 = Release|Any CPU
		{163159EA-C31D-4C80-AE4A-EAB817D56076}.Debug|Any CPU.ActiveCfg = Debug|Any CPU
		{163159EA-C31D-4C80-AE4A-EAB817D56076}.Debug|Any CPU.Build.0 = Debug|Any CPU
		{163159EA-C31D-4C80-AE4A-EAB817D56076}.Release|Any CPU.ActiveCfg = Release|Any CPU
		{163159EA-C31D-4C80-AE4A-EAB817D56076}.Release|Any CPU.Build.0 = Release|Any CPU
	EndGlobalSection
	GlobalSection(SolutionProperties) = preSolution
		HideSolutionNode = FALSE
	EndGlobalSection
	GlobalSection(ExtensibilityGlobals) = postSolution
		SolutionGuid = {1D0F230E-3605-44BF-8114-9748B31F5908}
	EndGlobalSection
EndGlobal
