
Microsoft Visual Studio Solution File, Format Version 12.00
# Visual Studio Version 16
VisualStudioVersion = 16.0.32407.337
MinimumVisualStudioVersion = 10.0.40219.1
Project("{FAE04EC0-301F-11D3-BF4B-00C04F79EFBC}") = "Exercise01", "Exercise01\Exercise01.csproj", "{E23FB6FC-ACCA-4FAB-A02D-E1F7C3E90589}"
EndProject
Global
	GlobalSection(SolutionConfigurationPlatforms) = preSolution
		Debug|Any CPU = Debug|Any CPU
		Release|Any CPU = Release|Any CPU
	EndGlobalSection
	GlobalSection(ProjectConfigurationPlatforms) = postSolution
		{E23FB6FC-ACCA-4FAB-A02D-E1F7C3E90589}.Debug|Any CPU.ActiveCfg = Debug|Any CPU
		{E23FB6FC-ACCA-4FAB-A02D-E1F7C3E90589}.Debug|Any CPU.Build.0 = Debug|Any CPU
		{E23FB6FC-ACCA-4FAB-A02D-E1F7C3E90589}.Release|Any CPU.ActiveCfg = Release|Any CPU
		{E23FB6FC-ACCA-4FAB-A02D-E1F7C3E90589}.Release|Any CPU.Build.0 = Release|Any CPU
	EndGlobalSection
	GlobalSection(SolutionProperties) = preSolution
		HideSolutionNode = FALSE
	EndGlobalSection
	GlobalSection(ExtensibilityGlobals) = postSolution
		SolutionGuid = {479AE836-794F-4149-A61D-95B0460A6218}
	EndGlobalSection
EndGlobal
